{
  "name": "proofwire-monorepo",
  "version": "0.1.0",
  "lockfileVersion": 3,
  "requires": true,
  "packages": {
    "": {
      "name": "proofwire-monorepo",
      "version": "0.1.0",
      "license": "Apache-2.0",
      "workspaces": [
        "packages/core",
        "packages/proxy",
        "packages/cli",
        "packages/dashboard"
      ],
      "engines": {
        "node": ">=20.11"
      }
    },
    "node_modules/@proofwire/core": {
      "resolved": "packages/core",
      "link": true
    },
    "node_modules/@proofwire/dashboard": {
      "resolved": "packages/dashboard",
      "link": true
    },
    "node_modules/@proofwire/proxy": {
      "resolved": "packages/proxy",
      "link": true
    },
    "node_modules/proofwire": {
      "resolved": "packages/cli",
      "link": true
    },
    "packages/cli": {
      "name": "proofwire",
      "version": "0.1.0",
      "license": "Apache-2.0",
      "dependencies": {
        "@proofwire/core": "0.1.0",
        "@proofwire/proxy": "0.1.0"
      },
      "bin": {
        "proofwire": "src/bin.js",
        "pw": "src/bin.js"
      },
      "engines": {
        "node": ">=20.11"
      }
    },
    "packages/core": {
      "name": "@proofwire/core",
      "version": "0.1.0",
      "license": "Apache-2.0",
      "engines": {
        "node": ">=20.11"
      }
    },
    "packages/dashboard": {
      "name": "@proofwire/dashboard",
      "version": "0.1.0",
      "license": "Apache-2.0",
      "dependencies": {
        "@proofwire/core": "0.1.0"
      },
      "engines": {
        "node": ">=20.11"
      }
    },
    "packages/proxy": {
      "name": "@proofwire/proxy",
      "version": "0.1.0",
      "license": "Apache-2.0",
      "dependencies": {
        "@proofwire/core": "0.1.0"
      },
      "engines": {
        "node": ">=20.11"
      }
    }
  }
}
